
Microsoft Visual Studio Solution File, Format Version 12.00
# Visual Studio Version 17
VisualStudioVersion = 17.2.32616.157
MinimumVisualStudioVersion = 10.0.40219.1
Project("{FAE04EC0-301F-11D3-BF4B-00C04F79EFBC}") = "谐振阻抗计算器", "谐振阻抗计算器.csproj", "{17A24C22-513D-4BB3-B555-163030A5FABF}"
EndProject
Global
	GlobalSection(SolutionConfigurationPlatforms) = preSolution
		Debug|Any CPU = Debug|Any CPU
		Release|Any CPU = Release|Any CPU
	EndGlobalSection
	GlobalSection(ProjectConfigurationPlatforms) = postSolution
		{17A24C22-513D-4BB3-B555-163030A5FABF}.Debug|Any CPU.ActiveCfg = Debug|Any CPU
		{17A24C22-513D-4BB3-B555-163030A5FABF}.Debug|Any CPU.Build.0 = Debug|Any CPU
		{17A24C22-513D-4BB3-B555-163030A5FABF}.Release|Any CPU.ActiveCfg = Release|Any CPU
		{17A24C22-513D-4BB3-B555-163030A5FABF}.Release|Any CPU.Build.0 = Release|Any CPU
	EndGlobalSection
	GlobalSection(SolutionProperties) = preSolution
		HideSolutionNode = FALSE
	EndGlobalSection
	GlobalSection(ExtensibilityGlobals) = postSolution
		SolutionGuid = {4742D633-F5AC-4E89-BD15-BC4BDA0C0C60}
	EndGlobalSection
EndGlobal
